
Microsoft Visual Studio Solution File, Format Version 12.00
# Visual Studio Version 17
VisualStudioVersion = 17.1.32210.238
MinimumVisualStudioVersion = 10.0.40219.1
Project("{FAE04EC0-301F-11D3-BF4B-00C04F79EFBC}") = "FactoryMethodSample", "FactoryMethodSample\FactoryMethodSample.csproj", "{5A0027AE-1300-4594-9594-3EC72852DBE3}"
EndProject
Global
	GlobalSection(SolutionConfigurationPlatforms) = preSolution
		Debug|Any CPU = Debug|Any CPU
		Release|Any CPU = Release|Any CPU
	EndGlobalSection
	GlobalSection(ProjectConfigurationPlatforms) = postSolution
		{5A0027AE-1300-4594-9594-3EC72852DBE3}.Debug|Any CPU.ActiveCfg = Debug|Any CPU
		{5A0027AE-1300-4594-9594-3EC72852DBE3}.Debug|Any CPU.Build.0 = Debug|Any CPU
		{5A0027AE-1300-4594-9594-3EC72852DBE3}.Release|Any CPU.ActiveCfg = Release|Any CPU
		{5A0027AE-1300-4594-9594-3EC72852DBE3}.Release|Any CPU.Build.0 = Release|Any CPU
	EndGlobalSection
	GlobalSection(SolutionProperties) = preSolution
		HideSolutionNode = FALSE
	EndGlobalSection
	GlobalSection(ExtensibilityGlobals) = postSolution
		SolutionGuid = {0EF0AF39-1AD8-48E4-8100-C18B84345A01}
	EndGlobalSection
EndGlobal
